// !$*UTF8*$!
{
	archiveVersion = 1;
	classes = {
	};
	objectVersion = 50;
	objects = {

/* Begin PBXBuildFile section */
		51084110233226A400E23546 /* AppDelegate.swift in Sources */ = {isa = PBXBuildFile; fileRef = 5108410F233226A400E23546 /* AppDelegate.swift */; };
		51084112233226A400E23546 /* EventListViewController.swift in Sources */ = {isa = PBXBuildFile; fileRef = 51084111233226A400E23546 /* EventListViewController.swift */; };
		51084115233226A400E23546 /* Main.storyboard in Resources */ = {isa = PBXBuildFile; fileRef = 51084113233226A400E23546 /* Main.storyboard */; };
		51084118233226A400E23546 /* Nano_Challenge_2.xcdatamodeld in Sources */ = {isa = PBXBuildFile; fileRef = 51084116233226A400E23546 /* Nano_Challenge_2.xcdatamodeld */; };
		5108411A233226A500E23546 /* Assets.xcassets in Resources */ = {isa = PBXBuildFile; fileRef = 51084119233226A500E23546 /* Assets.xcassets */; };
		5108411D233226A500E23546 /* LaunchScreen.storyboard in Resources */ = {isa = PBXBuildFile; fileRef = 5108411B233226A500E23546 /* LaunchScreen.storyboard */; };
		51084128233226A500E23546 /* Nano_Challenge_2Tests.swift in Sources */ = {isa = PBXBuildFile; fileRef = 51084127233226A500E23546 /* Nano_Challenge_2Tests.swift */; };
		51084133233226A500E23546 /* Nano_Challenge_2UITests.swift in Sources */ = {isa = PBXBuildFile; fileRef = 51084132233226A500E23546 /* Nano_Challenge_2UITests.swift */; };
		5176C6262333657B009499CB /* CreateBroadcastController.swift in Sources */ = {isa = PBXBuildFile; fileRef = 5176C6252333657B009499CB /* CreateBroadcastController.swift */; };
		5176C62923337A73009499CB /* EventTableViewCell.swift in Sources */ = {isa = PBXBuildFile; fileRef = 5176C62723337A73009499CB /* EventTableViewCell.swift */; };
		5176C62A23337A73009499CB /* EventTableViewCell.xib in Resources */ = {isa = PBXBuildFile; fileRef = 5176C62823337A73009499CB /* EventTableViewCell.xib */; };
		5176C62E23338088009499CB /* CloudKit.framework in Frameworks */ = {isa = PBXBuildFile; fileRef = 5176C62D23338088009499CB /* CloudKit.framework */; };
		5176C6592333B2EC009499CB /* IntentHandler.swift in Sources */ = {isa = PBXBuildFile; fileRef = 5176C6582333B2EC009499CB /* IntentHandler.swift */; };
		5176C65D2333B2EC009499CB /* Siri Event Crator.appex in Embed App Extensions */ = {isa = PBXBuildFile; fileRef = 5176C6562333B2EC009499CB /* Siri Event Crator.appex */; settings = {ATTRIBUTES = (RemoveHeadersOnCopy, ); }; };
		5176C6642333B4E3009499CB /* UserActivity.swift in Sources */ = {isa = PBXBuildFile; fileRef = 5176C6612333B44F009499CB /* UserActivity.swift */; };
		5176C6662333BD7C009499CB /* Intents.framework in Frameworks */ = {isa = PBXBuildFile; fileRef = 5176C6652333BD7C009499CB /* Intents.framework */; };
		51A78C68233410BA00F75F1D /* JoinedEventViewController.swift in Sources */ = {isa = PBXBuildFile; fileRef = 51A78C67233410BA00F75F1D /* JoinedEventViewController.swift */; };
/* End PBXBuildFile section */

/* Begin PBXContainerItemProxy section */
		51084124233226A500E23546 /* PBXContainerItemProxy */ = {
			isa = PBXContainerItemProxy;
			containerPortal = 51084104233226A400E23546 /* Project object */;
			proxyType = 1;
			remoteGlobalIDString = 5108410B233226A400E23546;
			remoteInfo = "Nano Challenge 2";
		};
		5108412F233226A500E23546 /* PBXContainerItemProxy */ = {
			isa = PBXContainerItemProxy;
			containerPortal = 51084104233226A400E23546 /* Project object */;
			proxyType = 1;
			remoteGlobalIDString = 5108410B233226A400E23546;
			remoteInfo = "Nano Challenge 2";
		};
		5176C65B2333B2EC009499CB /* PBXContainerItemProxy */ = {
			isa = PBXContainerItemProxy;
			containerPortal = 51084104233226A400E23546 /* Project object */;
			proxyType = 1;
			remoteGlobalIDString = 5176C6552333B2EC009499CB;
			remoteInfo = "Siri Event Crator";
		};
/* End PBXContainerItemProxy section */

/* Begin PBXCopyFilesBuildPhase section */
		5176C6402333A62F009499CB /* Embed App Extensions */ = {
			isa = PBXCopyFilesBuildPhase;
			buildActionMask = 2147483647;
			dstPath = "";
			dstSubfolderSpec = 13;
			files = (
				5176C65D2333B2EC009499CB /* Siri Event Crator.appex in Embed App Extensions */,
			);
			name = "Embed App Extensions";
			runOnlyForDeploymentPostprocessing = 0;
		};
/* End PBXCopyFilesBuildPhase section */

/* Begin PBXFileReference section */
		5108410C233226A400E23546 /* Nano Challenge 2.app */ = {isa = PBXFileReference; explicitFileType = wrapper.application; includeInIndex = 0; path = "Nano Challenge 2.app"; sourceTree = BUILT_PRODUCTS_DIR; };
		5108410F233226A400E23546 /* AppDelegate.swift */ = {isa = PBXFileReference; lastKnownFileType = sourcecode.swift; path = AppDelegate.swift; sourceTree = "<group>"; };
		51084111233226A400E23546 /* EventListViewController.swift */ = {isa = PBXFileReference; lastKnownFileType = sourcecode.swift; path = EventListViewController.swift; sourceTree = "<group>"; };
		51084114233226A400E23546 /* Base */ = {isa = PBXFileReference; lastKnownFileType = file.storyboard; name = Base; path = Base.lproj/Main.storyboard; sourceTree = "<group>"; };
		51084117233226A400E23546 /* Nano_Challenge_2.xcdatamodel */ = {isa = PBXFileReference; lastKnownFileType = wrapper.xcdatamodel; path = Nano_Challenge_2.xcdatamodel; sourceTree = "<group>"; };
		51084119233226A500E23546 /* Assets.xcassets */ = {isa = PBXFileReference; lastKnownFileType = folder.assetcatalog; path = Assets.xcassets; sourceTree = "<group>"; };
		5108411C233226A500E23546 /* Base */ = {isa = PBXFileReference; lastKnownFileType = file.storyboard; name = Base; path = Base.lproj/LaunchScreen.storyboard; sourceTree = "<group>"; };
		5108411E233226A500E23546 /* Info.plist */ = {isa = PBXFileReference; lastKnownFileType = text.plist.xml; path = Info.plist; sourceTree = "<group>"; };
		51084123233226A500E23546 /* Nano Challenge 2Tests.xctest */ = {isa = PBXFileReference; explicitFileType = wrapper.cfbundle; includeInIndex = 0; path = "Nano Challenge 2Tests.xctest"; sourceTree = BUILT_PRODUCTS_DIR; };
		51084127233226A500E23546 /* Nano_Challenge_2Tests.swift */ = {isa = PBXFileReference; lastKnownFileType = sourcecode.swift; path = Nano_Challenge_2Tests.swift; sourceTree = "<group>"; };
		51084129233226A500E23546 /* Info.plist */ = {isa = PBXFileReference; lastKnownFileType = text.plist.xml; path = Info.plist; sourceTree = "<group>"; };
		5108412E233226A500E23546 /* Nano Challenge 2UITests.xctest */ = {isa = PBXFileReference; explicitFileType = wrapper.cfbundle; includeInIndex = 0; path = "Nano Challenge 2UITests.xctest"; sourceTree = BUILT_PRODUCTS_DIR; };
		51084132233226A500E23546 /* Nano_Challenge_2UITests.swift */ = {isa = PBXFileReference; lastKnownFileType = sourcecode.swift; path = Nano_Challenge_2UITests.swift; sourceTree = "<group>"; };
		51084134233226A500E23546 /* Info.plist */ = {isa = PBXFileReference; lastKnownFileType = text.plist.xml; path = Info.plist; sourceTree = "<group>"; };
		510841402332272900E23546 /* Nano Challenge 2.entitlements */ = {isa = PBXFileReference; lastKnownFileType = text.plist.entitlements; path = "Nano Challenge 2.entitlements"; sourceTree = "<group>"; };
		5176C6252333657B009499CB /* CreateBroadcastController.swift */ = {isa = PBXFileReference; lastKnownFileType = sourcecode.swift; path = CreateBroadcastController.swift; sourceTree = "<group>"; };
		5176C62723337A73009499CB /* EventTableViewCell.swift */ = {isa = PBXFileReference; lastKnownFileType = sourcecode.swift; path = EventTableViewCell.swift; sourceTree = "<group>"; };
		5176C62823337A73009499CB /* EventTableViewCell.xib */ = {isa = PBXFileReference; lastKnownFileType = file.xib; path = EventTableViewCell.xib; sourceTree = "<group>"; };
		5176C62D23338088009499CB /* CloudKit.framework */ = {isa = PBXFileReference; lastKnownFileType = wrapper.framework; name = CloudKit.framework; path = System/Library/Frameworks/CloudKit.framework; sourceTree = SDKROOT; };
		5176C6562333B2EC009499CB /* Siri Event Crator.appex */ = {isa = PBXFileReference; explicitFileType = "wrapper.app-extension"; includeInIndex = 0; path = "Siri Event Crator.appex"; sourceTree = BUILT_PRODUCTS_DIR; };
		5176C6582333B2EC009499CB /* IntentHandler.swift */ = {isa = PBXFileReference; lastKnownFileType = sourcecode.swift; path = IntentHandler.swift; sourceTree = "<group>"; };
		5176C65A2333B2EC009499CB /* Info.plist */ = {isa = PBXFileReference; lastKnownFileType = text.plist.xml; path = Info.plist; sourceTree = "<group>"; };
		5176C6612333B44F009499CB /* UserActivity.swift */ = {isa = PBXFileReference; lastKnownFileType = sourcecode.swift; path = UserActivity.swift; sourceTree = "<group>"; };
		5176C6652333BD7C009499CB /* Intents.framework */ = {isa = PBXFileReference; lastKnownFileType = wrapper.framework; name = Intents.framework; path = System/Library/Frameworks/Intents.framework; sourceTree = SDKROOT; };
		51A78C67233410BA00F75F1D /* JoinedEventViewController.swift */ = {isa = PBXFileReference; lastKnownFileType = sourcecode.swift; path = JoinedEventViewController.swift; sourceTree = "<group>"; };
/* End PBXFileReference section */

/* Begin PBXFrameworksBuildPhase section */
		51084109233226A400E23546 /* Frameworks */ = {
			isa = PBXFrameworksBuildPhase;
			buildActionMask = 2147483647;
			files = (
				5176C6662333BD7C009499CB /* Intents.framework in Frameworks */,
				5176C62E23338088009499CB /* CloudKit.framework in Frameworks */,
			);
			runOnlyForDeploymentPostprocessing = 0;
		};
		51084120233226A500E23546 /* Frameworks */ = {
			isa = PBXFrameworksBuildPhase;
			buildActionMask = 2147483647;
			files = (
			);
			runOnlyForDeploymentPostprocessing = 0;
		};
		5108412B233226A500E23546 /* Frameworks */ = {
			isa = PBXFrameworksBuildPhase;
			buildActionMask = 2147483647;
			files = (
			);
			runOnlyForDeploymentPostprocessing = 0;
		};
		5176C6532333B2EC009499CB /* Frameworks */ = {
			isa = PBXFrameworksBuildPhase;
			buildActionMask = 2147483647;
			files = (
			);
			runOnlyForDeploymentPostprocessing = 0;
		};
/* End PBXFrameworksBuildPhase section */

/* Begin PBXGroup section */
		51084103233226A400E23546 = {
			isa = PBXGroup;
			children = (
				5108410E233226A400E23546 /* Nano Challenge 2 */,
				51084126233226A500E23546 /* Nano Challenge 2Tests */,
				51084131233226A500E23546 /* Nano Challenge 2UITests */,
				5176C6572333B2EC009499CB /* Siri Event Crator */,
				5108410D233226A400E23546 /* Products */,
				510841412332273200E23546 /* Frameworks */,
			);
			sourceTree = "<group>";
		};
		5108410D233226A400E23546 /* Products */ = {
			isa = PBXGroup;
			children = (
				5108410C233226A400E23546 /* Nano Challenge 2.app */,
				51084123233226A500E23546 /* Nano Challenge 2Tests.xctest */,
				5108412E233226A500E23546 /* Nano Challenge 2UITests.xctest */,
				5176C6562333B2EC009499CB /* Siri Event Crator.appex */,
			);
			name = Products;
			sourceTree = "<group>";
		};
		5108410E233226A400E23546 /* Nano Challenge 2 */ = {
			isa = PBXGroup;
			children = (
				5108410F233226A400E23546 /* AppDelegate.swift */,
				51084113233226A400E23546 /* Main.storyboard */,
				5108411B233226A500E23546 /* LaunchScreen.storyboard */,
				5108411E233226A500E23546 /* Info.plist */,
				5176C62C23337AAD009499CB /* Event List */,
				51A78C6E2334125300F75F1D /* Create Broadcast */,
				51A78C662334108D00F75F1D /* Joined Event */,
				51A78C6D2334123F00F75F1D /* XIB File */,
				5176C62B23337A85009499CB /* Data */,
			);
			path = "Nano Challenge 2";
			sourceTree = "<group>";
		};
		51084126233226A500E23546 /* Nano Challenge 2Tests */ = {
			isa = PBXGroup;
			children = (
				51084127233226A500E23546 /* Nano_Challenge_2Tests.swift */,
				51084129233226A500E23546 /* Info.plist */,
			);
			path = "Nano Challenge 2Tests";
			sourceTree = "<group>";
		};
		51084131233226A500E23546 /* Nano Challenge 2UITests */ = {
			isa = PBXGroup;
			children = (
				51084132233226A500E23546 /* Nano_Challenge_2UITests.swift */,
				51084134233226A500E23546 /* Info.plist */,
			);
			path = "Nano Challenge 2UITests";
			sourceTree = "<group>";
		};
		510841412332273200E23546 /* Frameworks */ = {
			isa = PBXGroup;
			children = (
				5176C6652333BD7C009499CB /* Intents.framework */,
				5176C62D23338088009499CB /* CloudKit.framework */,
			);
			name = Frameworks;
			sourceTree = "<group>";
		};
		5176C62B23337A85009499CB /* Data */ = {
			isa = PBXGroup;
			children = (
				51084119233226A500E23546 /* Assets.xcassets */,
				510841402332272900E23546 /* Nano Challenge 2.entitlements */,
				51084116233226A400E23546 /* Nano_Challenge_2.xcdatamodeld */,
			);
			path = Data;
			sourceTree = "<group>";
		};
		5176C62C23337AAD009499CB /* Event List */ = {
			isa = PBXGroup;
			children = (
				5176C6612333B44F009499CB /* UserActivity.swift */,
				51084111233226A400E23546 /* EventListViewController.swift */,
			);
			path = "Event List";
			sourceTree = "<group>";
		};
		5176C6572333B2EC009499CB /* Siri Event Crator */ = {
			isa = PBXGroup;
			children = (
				5176C6582333B2EC009499CB /* IntentHandler.swift */,
				5176C65A2333B2EC009499CB /* Info.plist */,
			);
			path = "Siri Event Crator";
			sourceTree = "<group>";
		};
		51A78C662334108D00F75F1D /* Joined Event */ = {
			isa = PBXGroup;
			children = (
				51A78C67233410BA00F75F1D /* JoinedEventViewController.swift */,
			);
			path = "Joined Event";
			sourceTree = "<group>";
		};
		51A78C6D2334123F00F75F1D /* XIB File */ = {
			isa = PBXGroup;
			children = (
				5176C62723337A73009499CB /* EventTableViewCell.swift */,
				5176C62823337A73009499CB /* EventTableViewCell.xib */,
			);
			path = "XIB File";
			sourceTree = "<group>";
		};
		51A78C6E2334125300F75F1D /* Create Broadcast */ = {
			isa = PBXGroup;
			children = (
				5176C6252333657B009499CB /* CreateBroadcastController.swift */,
			);
			path = "Create Broadcast";
			sourceTree = "<group>";
		};
/* End PBXGroup section */

/* Begin PBXNativeTarget section */
		5108410B233226A400E23546 /* Nano Challenge 2 */ = {
			isa = PBXNativeTarget;
			buildConfigurationList = 51084137233226A500E23546 /* Build configuration list for PBXNativeTarget "Nano Challenge 2" */;
			buildPhases = (
				51084108233226A400E23546 /* Sources */,
				51084109233226A400E23546 /* Frameworks */,
				5108410A233226A400E23546 /* Resources */,
				5176C6402333A62F009499CB /* Embed App Extensions */,
			);
			buildRules = (
			);
			dependencies = (
				5176C65C2333B2EC009499CB /* PBXTargetDependency */,
			);
			name = "Nano Challenge 2";
			productName = "Nano Challenge 2";
			productReference = 5108410C233226A400E23546 /* Nano Challenge 2.app */;
			productType = "com.apple.product-type.application";
		};
		51084122233226A500E23546 /* Nano Challenge 2Tests */ = {
			isa = PBXNativeTarget;
			buildConfigurationList = 5108413A233226A500E23546 /* Build configuration list for PBXNativeTarget "Nano Challenge 2Tests" */;
			buildPhases = (
				5108411F233226A500E23546 /* Sources */,
				51084120233226A500E23546 /* Frameworks */,
				51084121233226A500E23546 /* Resources */,
			);
			buildRules = (
			);
			dependencies = (
				51084125233226A500E23546 /* PBXTargetDependency */,
			);
			name = "Nano Challenge 2Tests";
			productName = "Nano Challenge 2Tests";
			productReference = 51084123233226A500E23546 /* Nano Challenge 2Tests.xctest */;
			productType = "com.apple.product-type.bundle.unit-test";
		};
		5108412D233226A500E23546 /* Nano Challenge 2UITests */ = {
			isa = PBXNativeTarget;
			buildConfigurationList = 5108413D233226A500E23546 /* Build configuration list for PBXNativeTarget "Nano Challenge 2UITests" */;
			buildPhases = (
				5108412A233226A500E23546 /* Sources */,
				5108412B233226A500E23546 /* Frameworks */,
				5108412C233226A500E23546 /* Resources */,
			);
			buildRules = (
			);
			dependencies = (
				51084130233226A500E23546 /* PBXTargetDependency */,
			);
			name = "Nano Challenge 2UITests";
			productName = "Nano Challenge 2UITests";
			productReference = 5108412E233226A500E23546 /* Nano Challenge 2UITests.xctest */;
			productType = "com.apple.product-type.bundle.ui-testing";
		};
		5176C6552333B2EC009499CB /* Siri Event Crator */ = {
			isa = PBXNativeTarget;
			buildConfigurationList = 5176C65E2333B2EC009499CB /* Build configuration list for PBXNativeTarget "Siri Event Crator" */;
			buildPhases = (
				5176C6522333B2EC009499CB /* Sources */,
				5176C6532333B2EC009499CB /* Frameworks */,
				5176C6542333B2EC009499CB /* Resources */,
			);
			buildRules = (
			);
			dependencies = (
			);
			name = "Siri Event Crator";
			productName = "Siri Event Crator";
			productReference = 5176C6562333B2EC009499CB /* Siri Event Crator.appex */;
			productType = "com.apple.product-type.app-extension";
		};
/* End PBXNativeTarget section */

/* Begin PBXProject section */
		51084104233226A400E23546 /* Project object */ = {
			isa = PBXProject;
			attributes = {
				LastSwiftUpdateCheck = 1030;
				LastUpgradeCheck = 1030;
				ORGANIZATIONNAME = "Kaleb Wijaya";
				TargetAttributes = {
					5108410B233226A400E23546 = {
						CreatedOnToolsVersion = 10.3;
						SystemCapabilities = {
							com.apple.ApplicationGroups.iOS = {
								enabled = 1;
							};
							com.apple.Push = {
								enabled = 1;
							};
							com.apple.Siri = {
								enabled = 1;
							};
							com.apple.iCloud = {
								enabled = 1;
							};
						};
					};
					51084122233226A500E23546 = {
						CreatedOnToolsVersion = 10.3;
						TestTargetID = 5108410B233226A400E23546;
					};
					5108412D233226A500E23546 = {
						CreatedOnToolsVersion = 10.3;
						TestTargetID = 5108410B233226A400E23546;
					};
					5176C6552333B2EC009499CB = {
						CreatedOnToolsVersion = 10.3;
					};
				};
			};
			buildConfigurationList = 51084107233226A400E23546 /* Build configuration list for PBXProject "Nano Challenge 2" */;
			compatibilityVersion = "Xcode 9.3";
			developmentRegion = en;
			hasScannedForEncodings = 0;
			knownRegions = (
				en,
				Base,
			);
			mainGroup = 51084103233226A400E23546;
			productRefGroup = 5108410D233226A400E23546 /* Products */;
			projectDirPath = "";
			projectRoot = "";
			targets = (
				5108410B233226A400E23546 /* Nano Challenge 2 */,
				51084122233226A500E23546 /* Nano Challenge 2Tests */,
				5108412D233226A500E23546 /* Nano Challenge 2UITests */,
				5176C6552333B2EC009499CB /* Siri Event Crator */,
			);
		};
/* End PBXProject section */

/* Begin PBXResourcesBuildPhase section */
		5108410A233226A400E23546 /* Resources */ = {
			isa = PBXResourcesBuildPhase;
			buildActionMask = 2147483647;
			files = (
				5176C62A23337A73009499CB /* EventTableViewCell.xib in Resources */,
				5108411D233226A500E23546 /* LaunchScreen.storyboard in Resources */,
				5108411A233226A500E23546 /* Assets.xcassets in Resources */,
				51084115233226A400E23546 /* Main.storyboard in Resources */,
			);
			runOnlyForDeploymentPostprocessing = 0;
		};
		51084121233226A500E23546 /* Resources */ = {
			isa = PBXResourcesBuildPhase;
			buildActionMask = 2147483647;
			files = (
			);
			runOnlyForDeploymentPostprocessing = 0;
		};
		5108412C233226A500E23546 /* Resources */ = {
			isa = PBXResourcesBuildPhase;
			buildActionMask = 2147483647;
			files = (
			);
			runOnlyForDeploymentPostprocessing = 0;
		};
		5176C6542333B2EC009499CB /* Resources */ = {
			isa = PBXResourcesBuildPhase;
			buildActionMask = 2147483647;
			files = (
			);
			runOnlyForDeploymentPostprocessing = 0;
		};
/* End PBXResourcesBuildPhase section */

/* Begin PBXSourcesBuildPhase section */
		51084108233226A400E23546 /* Sources */ = {
			isa = PBXSourcesBuildPhase;
			buildActionMask = 2147483647;
			files = (
				51084118233226A400E23546 /* Nano_Challenge_2.xcdatamodeld in Sources */,
				51A78C68233410BA00F75F1D /* JoinedEventViewController.swift in Sources */,
				5176C6642333B4E3009499CB /* UserActivity.swift in Sources */,
				5176C6262333657B009499CB /* CreateBroadcastController.swift in Sources */,
				51084112233226A400E23546 /* EventListViewController.swift in Sources */,
				5176C62923337A73009499CB /* EventTableViewCell.swift in Sources */,
				51084110233226A400E23546 /* AppDelegate.swift in Sources */,
			);
			runOnlyForDeploymentPostprocessing = 0;
		};
		5108411F233226A500E23546 /* Sources */ = {
			isa = PBXSourcesBuildPhase;
			buildActionMask = 2147483647;
			files = (
				51084128233226A500E23546 /* Nano_Challenge_2Tests.swift in Sources */,
			);
			runOnlyForDeploymentPostprocessing = 0;
		};
		5108412A233226A500E23546 /* Sources */ = {
			isa = PBXSourcesBuildPhase;
			buildActionMask = 2147483647;
			files = (
				51084133233226A500E23546 /* Nano_Challenge_2UITests.swift in Sources */,
			);
			runOnlyForDeploymentPostprocessing = 0;
		};
		5176C6522333B2EC009499CB /* Sources */ = {
			isa = PBXSourcesBuildPhase;
			buildActionMask = 2147483647;
			files = (
				5176C6592333B2EC009499CB /* IntentHandler.swift in Sources */,
			);
			runOnlyForDeploymentPostprocessing = 0;
		};
/* End PBXSourcesBuildPhase section */

/* Begin PBXTargetDependency section */
		51084125233226A500E23546 /* PBXTargetDependency */ = {
			isa = PBXTargetDependency;
			target = 5108410B233226A400E23546 /* Nano Challenge 2 */;
			targetProxy = 51084124233226A500E23546 /* PBXContainerItemProxy */;
		};
		51084130233226A500E23546 /* PBXTargetDependency */ = {
			isa = PBXTargetDependency;
			target = 5108410B233226A400E23546 /* Nano Challenge 2 */;
			targetProxy = 5108412F233226A500E23546 /* PBXContainerItemProxy */;
		};
		5176C65C2333B2EC009499CB /* PBXTargetDependency */ = {
			isa = PBXTargetDependency;
			target = 5176C6552333B2EC009499CB /* Siri Event Crator */;
			targetProxy = 5176C65B2333B2EC009499CB /* PBXContainerItemProxy */;
		};
/* End PBXTargetDependency section */

/* Begin PBXVariantGroup section */
		51084113233226A400E23546 /* Main.storyboard */ = {
			isa = PBXVariantGroup;
			children = (
				51084114233226A400E23546 /* Base */,
			);
			name = Main.storyboard;
			sourceTree = "<group>";
		};
		5108411B233226A500E23546 /* LaunchScreen.storyboard */ = {
			isa = PBXVariantGroup;
			children = (
				5108411C233226A500E23546 /* Base */,
			);
			name = LaunchScreen.storyboard;
			sourceTree = "<group>";
		};
/* End PBXVariantGroup section */

/* Begin XCBuildConfiguration section */
		51084135233226A500E23546 /* Debug */ = {
			isa = XCBuildConfiguration;
			buildSettings = {
				ALWAYS_SEARCH_USER_PATHS = NO;
				CLANG_ANALYZER_NONNULL = YES;
				CLANG_ANALYZER_NUMBER_OBJECT_CONVERSION = YES_AGGRESSIVE;
				CLANG_CXX_LANGUAGE_STANDARD = "gnu++14";
				CLANG_CXX_LIBRARY = "libc++";
				CLANG_ENABLE_MODULES = YES;
				CLANG_ENABLE_OBJC_ARC = YES;
				CLANG_ENABLE_OBJC_WEAK = YES;
				CLANG_WARN_BLOCK_CAPTURE_AUTORELEASING = YES;
				CLANG_WARN_BOOL_CONVERSION = YES;
				CLANG_WARN_COMMA = YES;
				CLANG_WARN_CONSTANT_CONVERSION = YES;
				CLANG_WARN_DEPRECATED_OBJC_IMPLEMENTATIONS = YES;
				CLANG_WARN_DIRECT_OBJC_ISA_USAGE = YES_ERROR;
				CLANG_WARN_DOCUMENTATION_COMMENTS = YES;
				CLANG_WARN_EMPTY_BODY = YES;
				CLANG_WARN_ENUM_CONVERSION = YES;
				CLANG_WARN_INFINITE_RECURSION = YES;
				CLANG_WARN_INT_CONVERSION = YES;
				CLANG_WARN_NON_LITERAL_NULL_CONVERSION = YES;
				CLANG_WARN_OBJC_IMPLICIT_RETAIN_SELF = YES;
				CLANG_WARN_OBJC_LITERAL_CONVERSION = YES;
				CLANG_WARN_OBJC_ROOT_CLASS = YES_ERROR;
				CLANG_WARN_RANGE_LOOP_ANALYSIS = YES;
				CLANG_WARN_STRICT_PROTOTYPES = YES;
				CLANG_WARN_SUSPICIOUS_MOVE = YES;
				CLANG_WARN_UNGUARDED_AVAILABILITY = YES_AGGRESSIVE;
				CLANG_WARN_UNREACHABLE_CODE = YES;
				CLANG_WARN__DUPLICATE_METHOD_MATCH = YES;
				CODE_SIGN_IDENTITY = "iPhone Developer";
				COPY_PHASE_STRIP = NO;
				DEBUG_INFORMATION_FORMAT = dwarf;
				ENABLE_STRICT_OBJC_MSGSEND = YES;
				ENABLE_TESTABILITY = YES;
				GCC_C_LANGUAGE_STANDARD = gnu11;
				GCC_DYNAMIC_NO_PIC = NO;
				GCC_NO_COMMON_BLOCKS = YES;
				GCC_OPTIMIZATION_LEVEL = 0;
				GCC_PREPROCESSOR_DEFINITIONS = (
					"DEBUG=1",
					"$(inherited)",
				);
				GCC_WARN_64_TO_32_BIT_CONVERSION = YES;
				GCC_WARN_ABOUT_RETURN_TYPE = YES_ERROR;
				GCC_WARN_UNDECLARED_SELECTOR = YES;
				GCC_WARN_UNINITIALIZED_AUTOS = YES_AGGRESSIVE;
				GCC_WARN_UNUSED_FUNCTION = YES;
				GCC_WARN_UNUSED_VARIABLE = YES;
				IPHONEOS_DEPLOYMENT_TARGET = 12.4;
				MTL_ENABLE_DEBUG_INFO = INCLUDE_SOURCE;
				MTL_FAST_MATH = YES;
				ONLY_ACTIVE_ARCH = YES;
				SDKROOT = iphoneos;
				SWIFT_ACTIVE_COMPILATION_CONDITIONS = DEBUG;
				SWIFT_OPTIMIZATION_LEVEL = "-Onone";
			};
			name = Debug;
		};
		51084136233226A500E23546 /* Release */ = {
			isa = XCBuildConfiguration;
			buildSettings = {
				ALWAYS_SEARCH_USER_PATHS = NO;
				CLANG_ANALYZER_NONNULL = YES;
				CLANG_ANALYZER_NUMBER_OBJECT_CONVERSION = YES_AGGRESSIVE;
				CLANG_CXX_LANGUAGE_STANDARD = "gnu++14";
				CLANG_CXX_LIBRARY = "libc++";
				CLANG_ENABLE_MODULES = YES;
				CLANG_ENABLE_OBJC_ARC = YES;
				CLANG_ENABLE_OBJC_WEAK = YES;
				CLANG_WARN_BLOCK_CAPTURE_AUTORELEASING = YES;
				CLANG_WARN_BOOL_CONVERSION = YES;
				CLANG_WARN_COMMA = YES;
				CLANG_WARN_CONSTANT_CONVERSION = YES;
				CLANG_WARN_DEPRECATED_OBJC_IMPLEMENTATIONS = YES;
				CLANG_WARN_DIRECT_OBJC_ISA_USAGE = YES_ERROR;
				CLANG_WARN_DOCUMENTATION_COMMENTS = YES;
				CLANG_WARN_EMPTY_BODY = YES;
				CLANG_WARN_ENUM_CONVERSION = YES;
				CLANG_WARN_INFINITE_RECURSION = YES;
				CLANG_WARN_INT_CONVERSION = YES;
				CLANG_WARN_NON_LITERAL_NULL_CONVERSION = YES;
				CLANG_WARN_OBJC_IMPLICIT_RETAIN_SELF = YES;
				CLANG_WARN_OBJC_LITERAL_CONVERSION = YES;
				CLANG_WARN_OBJC_ROOT_CLASS = YES_ERROR;
				CLANG_WARN_RANGE_LOOP_ANALYSIS = YES;
				CLANG_WARN_STRICT_PROTOTYPES = YES;
				CLANG_WARN_SUSPICIOUS_MOVE = YES;
				CLANG_WARN_UNGUARDED_AVAILABILITY = YES_AGGRESSIVE;
				CLANG_WARN_UNREACHABLE_CODE = YES;
				CLANG_WARN__DUPLICATE_METHOD_MATCH = YES;
				CODE_SIGN_IDENTITY = "iPhone Developer";
				COPY_PHASE_STRIP = NO;
				DEBUG_INFORMATION_FORMAT = "dwarf-with-dsym";
				ENABLE_NS_ASSERTIONS = NO;
				ENABLE_STRICT_OBJC_MSGSEND = YES;
				GCC_C_LANGUAGE_STANDARD = gnu11;
				GCC_NO_COMMON_BLOCKS = YES;
				GCC_WARN_64_TO_32_BIT_CONVERSION = YES;
				GCC_WARN_ABOUT_RETURN_TYPE = YES_ERROR;
				GCC_WARN_UNDECLARED_SELECTOR = YES;
				GCC_WARN_UNINITIALIZED_AUTOS = YES_AGGRESSIVE;
				GCC_WARN_UNUSED_FUNCTION = YES;
				GCC_WARN_UNUSED_VARIABLE = YES;
				IPHONEOS_DEPLOYMENT_TARGET = 12.4;
				MTL_ENABLE_DEBUG_INFO = NO;
				MTL_FAST_MATH = YES;
				SDKROOT = iphoneos;
				SWIFT_COMPILATION_MODE = wholemodule;
				SWIFT_OPTIMIZATION_LEVEL = "-O";
				VALIDATE_PRODUCT = YES;
			};
			name = Release;
		};
		51084138233226A500E23546 /* Debug */ = {
			isa = XCBuildConfiguration;
			buildSettings = {
				ALWAYS_EMBED_SWIFT_STANDARD_LIBRARIES = YES;
				ASSETCATALOG_COMPILER_APPICON_NAME = AppIcon;
				CODE_SIGN_ENTITLEMENTS = "Nano Challenge 2/Data/Nano Challenge 2.entitlements";
				CODE_SIGN_STYLE = Automatic;
				DEVELOPMENT_TEAM = BLQPCH7T63;
				INFOPLIST_FILE = "Nano Challenge 2/Info.plist";
				LD_RUNPATH_SEARCH_PATHS = (
					"$(inherited)",
					"@executable_path/Frameworks",
				);
				PRODUCT_BUNDLE_IDENTIFIER = "com.kalebwijaya.Nano-Challenge-2";
				PRODUCT_NAME = "$(TARGET_NAME)";
				SWIFT_VERSION = 5.0;
				TARGETED_DEVICE_FAMILY = "1,2";
			};
			name = Debug;
		};
		51084139233226A500E23546 /* Release */ = {
			isa = XCBuildConfiguration;
			buildSettings = {
				ALWAYS_EMBED_SWIFT_STANDARD_LIBRARIES = YES;
				ASSETCATALOG_COMPILER_APPICON_NAME = AppIcon;
				CODE_SIGN_ENTITLEMENTS = "Nano Challenge 2/Data/Nano Challenge 2.entitlements";
				CODE_SIGN_STYLE = Automatic;
				DEVELOPMENT_TEAM = BLQPCH7T63;
				INFOPLIST_FILE = "Nano Challenge 2/Info.plist";
				LD_RUNPATH_SEARCH_PATHS = (
					"$(inherited)",
					"@executable_path/Frameworks",
				);
				PRODUCT_BUNDLE_IDENTIFIER = "com.kalebwijaya.Nano-Challenge-2";
				PRODUCT_NAME = "$(TARGET_NAME)";
				SWIFT_VERSION = 5.0;
				TARGETED_DEVICE_FAMILY = "1,2";
			};
			name = Release;
		};
		5108413B233226A500E23546 /* Debug */ = {
			isa = XCBuildConfiguration;
			buildSettings = {
				ALWAYS_EMBED_SWIFT_STANDARD_LIBRARIES = YES;
				BUNDLE_LOADER = "$(TEST_HOST)";
				CODE_SIGN_STYLE = Automatic;
				DEVELOPMENT_TEAM = BLQPCH7T63;
				INFOPLIST_FILE = "Nano Challenge 2Tests/Info.plist";
				LD_RUNPATH_SEARCH_PATHS = (
					"$(inherited)",
					"@executable_path/Frameworks",
					"@loader_path/Frameworks",
				);
				PRODUCT_BUNDLE_IDENTIFIER = "AppleDeveloperAcademyBinus.Nano-Challenge-2Tests";
				PRODUCT_NAME = "$(TARGET_NAME)";
				SWIFT_VERSION = 5.0;
				TARGETED_DEVICE_FAMILY = "1,2";
				TEST_HOST = "$(BUILT_PRODUCTS_DIR)/Nano Challenge 2.app/Nano Challenge 2";
			};
			name = Debug;
		};
		5108413C233226A500E23546 /* Release */ = {
			isa = XCBuildConfiguration;
			buildSettings = {
				ALWAYS_EMBED_SWIFT_STANDARD_LIBRARIES = YES;
				BUNDLE_LOADER = "$(TEST_HOST)";
				CODE_SIGN_STYLE = Automatic;
				DEVELOPMENT_TEAM = BLQPCH7T63;
				INFOPLIST_FILE = "Nano Challenge 2Tests/Info.plist";
				LD_RUNPATH_SEARCH_PATHS = (
					"$(inherited)",
					"@executable_path/Frameworks",
					"@loader_path/Frameworks",
				);
				PRODUCT_BUNDLE_IDENTIFIER = "AppleDeveloperAcademyBinus.Nano-Challenge-2Tests";
				PRODUCT_NAME = "$(TARGET_NAME)";
				SWIFT_VERSION = 5.0;
				TARGETED_DEVICE_FAMILY = "1,2";
				TEST_HOST = "$(BUILT_PRODUCTS_DIR)/Nano Challenge 2.app/Nano Challenge 2";
			};
			name = Release;
		};
		5108413E233226A500E23546 /* Debug */ = {
			isa = XCBuildConfiguration;
			buildSettings = {
				ALWAYS_EMBED_SWIFT_STANDARD_LIBRARIES = YES;
				CODE_SIGN_STYLE = Automatic;
				DEVELOPMENT_TEAM = BLQPCH7T63;
				INFOPLIST_FILE = "Nano Challenge 2UITests/Info.plist";
				LD_RUNPATH_SEARCH_PATHS = (
					"$(inherited)",
					"@executable_path/Frameworks",
					"@loader_path/Frameworks",
				);
				PRODUCT_BUNDLE_IDENTIFIER = "AppleDeveloperAcademyBinus.Nano-Challenge-2UITests";
				PRODUCT_NAME = "$(TARGET_NAME)";
				SWIFT_VERSION = 5.0;
				TARGETED_DEVICE_FAMILY = "1,2";
				TEST_TARGET_NAME = "Nano Challenge 2";
			};
			name = Debug;
		};
		5108413F233226A500E23546 /* Release */ = {
			isa = XCBuildConfiguration;
			buildSettings = {
				ALWAYS_EMBED_SWIFT_STANDARD_LIBRARIES = YES;
				CODE_SIGN_STYLE = Automatic;
				DEVELOPMENT_TEAM = BLQPCH7T63;
				INFOPLIST_FILE = "Nano Challenge 2UITests/Info.plist";
				LD_RUNPATH_SEARCH_PATHS = (
					"$(inherited)",
					"@executable_path/Frameworks",
					"@loader_path/Frameworks",
				);
				PRODUCT_BUNDLE_IDENTIFIER = "AppleDeveloperAcademyBinus.Nano-Challenge-2UITests";
				PRODUCT_NAME = "$(TARGET_NAME)";
				SWIFT_VERSION = 5.0;
				TARGETED_DEVICE_FAMILY = "1,2";
				TEST_TARGET_NAME = "Nano Challenge 2";
			};
			name = Release;
		};
		5176C65F2333B2EC009499CB /* Debug */ = {
			isa = XCBuildConfiguration;
			buildSettings = {
				CODE_SIGN_STYLE = Automatic;
				DEVELOPMENT_TEAM = BLQPCH7T63;
				INFOPLIST_FILE = "Siri Event Crator/Info.plist";
				LD_RUNPATH_SEARCH_PATHS = (
					"$(inherited)",
					"@executable_path/Frameworks",
					"@executable_path/../../Frameworks",
				);
				PRODUCT_BUNDLE_IDENTIFIER = "com.kalebwijaya.Nano-Challenge-2.Siri-Event-Crator";
				PRODUCT_NAME = "$(TARGET_NAME)";
				SKIP_INSTALL = YES;
				SWIFT_VERSION = 5.0;
				TARGETED_DEVICE_FAMILY = "1,2";
			};
			name = Debug;
		};
		5176C6602333B2EC009499CB /* Release */ = {
			isa = XCBuildConfiguration;
			buildSettings = {
				CODE_SIGN_STYLE = Automatic;
				DEVELOPMENT_TEAM = BLQPCH7T63;
				INFOPLIST_FILE = "Siri Event Crator/Info.plist";
				LD_RUNPATH_SEARCH_PATHS = (
					"$(inherited)",
					"@executable_path/Frameworks",
					"@executable_path/../../Frameworks",
				);
				PRODUCT_BUNDLE_IDENTIFIER = "com.kalebwijaya.Nano-Challenge-2.Siri-Event-Crator";
				PRODUCT_NAME = "$(TARGET_NAME)";
				SKIP_INSTALL = YES;
				SWIFT_VERSION = 5.0;
				TARGETED_DEVICE_FAMILY = "1,2";
			};
			name = Release;
		};
/* End XCBuildConfiguration section */

/* Begin XCConfigurationList section */
		51084107233226A400E23546 /* Build configuration list for PBXProject "Nano Challenge 2" */ = {
			isa = XCConfigurationList;
			buildConfigurations = (
				51084135233226A500E23546 /* Debug */,
				51084136233226A500E23546 /* Release */,
			);
			defaultConfigurationIsVisible = 0;
			defaultConfigurationName = Release;
		};
		51084137233226A500E23546 /* Build configuration list for PBXNativeTarget "Nano Challenge 2" */ = {
			isa = XCConfigurationList;
			buildConfigurations = (
				51084138233226A500E23546 /* Debug */,
				51084139233226A500E23546 /* Release */,
			);
			defaultConfigurationIsVisible = 0;
			defaultConfigurationName = Release;
		};
		5108413A233226A500E23546 /* Build configuration list for PBXNativeTarget "Nano Challenge 2Tests" */ = {
			isa = XCConfigurationList;
			buildConfigurations = (
				5108413B233226A500E23546 /* Debug */,
				5108413C233226A500E23546 /* Release */,
			);
			defaultConfigurationIsVisible = 0;
			defaultConfigurationName = Release;
		};
		5108413D233226A500E23546 /* Build configuration list for PBXNativeTarget "Nano Challenge 2UITests" */ = {
			isa = XCConfigurationList;
			buildConfigurations = (
				5108413E233226A500E23546 /* Debug */,
				5108413F233226A500E23546 /* Release */,
			);
			defaultConfigurationIsVisible = 0;
			defaultConfigurationName = Release;
		};
		5176C65E2333B2EC009499CB /* Build configuration list for PBXNativeTarget "Siri Event Crator" */ = {
			isa = XCConfigurationList;
			buildConfigurations = (
				5176C65F2333B2EC009499CB /* Debug */,
				5176C6602333B2EC009499CB /* Release */,
			);
			defaultConfigurationIsVisible = 0;
			defaultConfigurationName = Release;
		};
/* End XCConfigurationList section */

/* Begin XCVersionGroup section */
		51084116233226A400E23546 /* Nano_Challenge_2.xcdatamodeld */ = {
			isa = XCVersionGroup;
			children = (
				51084117233226A400E23546 /* Nano_Challenge_2.xcdatamodel */,
			);
			currentVersion = 51084117233226A400E23546 /* Nano_Challenge_2.xcdatamodel */;
			path = Nano_Challenge_2.xcdatamodeld;
			sourceTree = "<group>";
			versionGroupType = wrapper.xcdatamodel;
		};
/* End XCVersionGroup section */
	};
	rootObject = 51084104233226A400E23546 /* Project object */;
}
